{
  "name": "app",
  "version": "1.0.0",
  "lockfileVersion": 3,
  "requires": true,
  "packages": {
    "": {
      "name": "app",
      "version": "1.0.0",
      "license": "ISC",
      "dependencies": {
        "@antony-gp/fluentsql": "^2.0.0"
      }
    },
    "node_modules/@antony-gp/fluentsql": {
      "version": "2.0.0",
      "resolved": "https://registry.npmjs.org/@antony-gp/fluentsql/-/fluentsql-2.0.0.tgz",
      "integrity": "sha512-ZiTXx0dhNlofRyRFky3+GsLoRTMKSxqf/nHPZ7pxYtxKoTOAZhDl6hEVf77AwMOvwIW+kLuihUDAcsl2uhw6Ow=="
    }
  }
}
